
Microsoft Visual Studio Solution File, Format Version 12.00
# Visual Studio Version 17
VisualStudioVersion = 17.5.33502.453
MinimumVisualStudioVersion = 10.0.40219.1
Project("{FAE04EC0-301F-11D3-BF4B-00C04F79EFBC}") = "Cane", "Cane\Cane.csproj", "{9FB6D612-9E63-4266-BCCE-5A4986BEA81A}"
EndProject
Global
	GlobalSection(SolutionConfigurationPlatforms) = preSolution
		Debug|Any CPU = Debug|Any CPU
		Release|Any CPU = Release|Any CPU
	EndGlobalSection
	GlobalSection(ProjectConfigurationPlatforms) = postSolution
		{9FB6D612-9E63-4266-BCCE-5A4986BEA81A}.Debug|Any CPU.ActiveCfg = Debug|Any CPU
		{9FB6D612-9E63-4266-BCCE-5A4986BEA81A}.Debug|Any CPU.Build.0 = Debug|Any CPU
		{9FB6D612-9E63-4266-BCCE-5A4986BEA81A}.Release|Any CPU.ActiveCfg = Release|Any CPU
		{9FB6D612-9E63-4266-BCCE-5A4986BEA81A}.Release|Any CPU.Build.0 = Release|Any CPU
	EndGlobalSection
	GlobalSection(SolutionProperties) = preSolution
		HideSolutionNode = FALSE
	EndGlobalSection
	GlobalSection(ExtensibilityGlobals) = postSolution
		SolutionGuid = {4C04071D-7B47-498D-BF69-47D34553DB34}
	EndGlobalSection
EndGlobal
